
Microsoft Visual Studio Solution File, Format Version 12.00
# Visual Studio Version 17
VisualStudioVersion = 17.11.35208.52
MinimumVisualStudioVersion = 10.0.40219.1
Project("{FAE04EC0-301F-11D3-BF4B-00C04F79EFBC}") = "FutureRealty.PL", "FutureRealty.PL\FutureRealty.PL.csproj", "{6C66D9AA-7534-44CA-B60A-49D42AF08C0B}"
EndProject
Project("{FAE04EC0-301F-11D3-BF4B-00C04F79EFBC}") = "FutureRealty.DAL", "FutureRealty.DAL\FutureRealty.DAL.csproj", "{A5DB831D-69F2-4A31-A274-F7EB0BD5BCF9}"
EndProject
Project("{FAE04EC0-301F-11D3-BF4B-00C04F79EFBC}") = "FutureRealty.BLL", "FutureRealty.BLL\FutureRealty.BLL.csproj", "{D2733077-5972-4664-8F19-15D6D7A2A01C}"
EndProject
Global
	GlobalSection(SolutionConfigurationPlatforms) = preSolution
		Debug|Any CPU = Debug|Any CPU
		Release|Any CPU = Release|Any CPU
	EndGlobalSection
	GlobalSection(ProjectConfigurationPlatforms) = postSolution
		{6C66D9AA-7534-44CA-B60A-49D42AF08C0B}.Debug|Any CPU.ActiveCfg = Debug|Any CPU
		{6C66D9AA-7534-44CA-B60A-49D42AF08C0B}.Debug|Any CPU.Build.0 = Debug|Any CPU
		{6C66D9AA-7534-44CA-B60A-49D42AF08C0B}.Release|Any CPU.ActiveCfg = Release|Any CPU
		{6C66D9AA-7534-44CA-B60A-49D42AF08C0B}.Release|Any CPU.Build.0 = Release|Any CPU
		{A5DB831D-69F2-4A31-A274-F7EB0BD5BCF9}.Debug|Any CPU.ActiveCfg = Debug|Any CPU
		{A5DB831D-69F2-4A31-A274-F7EB0BD5BCF9}.Debug|Any CPU.Build.0 = Debug|Any CPU
		{A5DB831D-69F2-4A31-A274-F7EB0BD5BCF9}.Release|Any CPU.ActiveCfg = Release|Any CPU
		{A5DB831D-69F2-4A31-A274-F7EB0BD5BCF9}.Release|Any CPU.Build.0 = Release|Any CPU
		{D2733077-5972-4664-8F19-15D6D7A2A01C}.Debug|Any CPU.ActiveCfg = Debug|Any CPU
		{D2733077-5972-4664-8F19-15D6D7A2A01C}.Debug|Any CPU.Build.0 = Debug|Any CPU
		{D2733077-5972-4664-8F19-15D6D7A2A01C}.Release|Any CPU.ActiveCfg = Release|Any CPU
		{D2733077-5972-4664-8F19-15D6D7A2A01C}.Release|Any CPU.Build.0 = Release|Any CPU
	EndGlobalSection
	GlobalSection(SolutionProperties) = preSolution
		HideSolutionNode = FALSE
	EndGlobalSection
	GlobalSection(ExtensibilityGlobals) = postSolution
		SolutionGuid = {81EEB0DC-C39E-42A0-8B0C-B004B13B2110}
	EndGlobalSection
EndGlobal
